// !$*UTF8*$!
{
	archiveVersion = 1;
	classes = {
	};
	objectVersion = 77;
	objects = {

/* Begin PBXBuildFile section */
		0517B151B9808BD4FA136AF6 /* PackListView.swift in Sources */ = {isa = PBXBuildFile; fileRef = B833F6E879AA559001921EAD /* PackListView.swift */; };
		0F5A28C3495A93268AD4C5ED /* SwiftSoup in Frameworks */ = {isa = PBXBuildFile; productRef = 54AB83D8EB1BE39459A6DFD7 /* SwiftSoup */; };
		138F0F52C66475A42F447BF5 /* ResupplyPointDetailView.swift in Sources */ = {isa = PBXBuildFile; fileRef = F7087B08F28C1C1C6CEB9E6E /* ResupplyPointDetailView.swift */; };
		278131BB04CB164188503CB9 /* GearItem.swift in Sources */ = {isa = PBXBuildFile; fileRef = D1587039110795438F5D58D2 /* GearItem.swift */; };
		2D4E7BD9B66E8AB42EBB3F56 /* TripListView.swift in Sources */ = {isa = PBXBuildFile; fileRef = D6A307EFBAFA54143A74CDE3 /* TripListView.swift */; };
		2EC0BA4B16C8382FB2E3B12A /* AddTripView.swift in Sources */ = {isa = PBXBuildFile; fileRef = 0AA796E1C1085C06E1C07199 /* AddTripView.swift */; };
		3070C5919523276B00AB2EA0 /* WeightCalculatorTests.swift in Sources */ = {isa = PBXBuildFile; fileRef = 1F3AF89038C06DD5E2EACB0F /* WeightCalculatorTests.swift */; };
		36090DE8D634E622A119F633 /* GearItemDetailView.swift in Sources */ = {isa = PBXBuildFile; fileRef = 24DB2E3E10099ED387752E70 /* GearItemDetailView.swift */; };
		40C22451D00564EEE82E8D0C /* MacContentView.swift in Sources */ = {isa = PBXBuildFile; fileRef = 6F0BDAE4933962116D37C963 /* MacContentView.swift */; };
		650113CEC3AFC52AF5BCCE36 /* RecommendationsView.swift in Sources */ = {isa = PBXBuildFile; fileRef = 31F77C1AC8AC8B6506351F68 /* RecommendationsView.swift */; };
		78AA6B94AA2146029CE8D612 /* TripDetailView.swift in Sources */ = {isa = PBXBuildFile; fileRef = B7205B0664D8AC5F784543FC /* TripDetailView.swift */; };
		791F8AC6D065347C26B7ACCA /* ContentView.swift in Sources */ = {isa = PBXBuildFile; fileRef = 7317D8439BC47B173D309D1A /* ContentView.swift */; };
		7E8FE854F35CF0233C89EC02 /* Trip.swift in Sources */ = {isa = PBXBuildFile; fileRef = B7A900FE738EE28D3715A326 /* Trip.swift */; };
		8040608940C0561C387CE24D /* WeightCalculator.swift in Sources */ = {isa = PBXBuildFile; fileRef = 3E80124F744D685A3EA8501B /* WeightCalculator.swift */; };
		8F46624664195943E193E056 /* ResupplyPoint.swift in Sources */ = {isa = PBXBuildFile; fileRef = 24319E4AE9F54635E1314A4D /* ResupplyPoint.swift */; };
		8F97F806C2A9E5D73CC3DADC /* GearCategory.swift in Sources */ = {isa = PBXBuildFile; fileRef = 3FEBF16658806D969B6E782F /* GearCategory.swift */; };
		95E58C97F8A1AF11DFB96ABB /* WeightParser.swift in Sources */ = {isa = PBXBuildFile; fileRef = A6B318A10C423CAD18F76EB9 /* WeightParser.swift */; };
		9C7B582F207627E44062C746 /* TripViewModel.swift in Sources */ = {isa = PBXBuildFile; fileRef = 01799269E9B20A07B3389F29 /* TripViewModel.swift */; };
		9CFB254E6DCC2BB083C27F28 /* URLMetadataFetcher.swift in Sources */ = {isa = PBXBuildFile; fileRef = A5205F147776191943350469 /* URLMetadataFetcher.swift */; };
		A92E414B0EB1C999D0ED9D2D /* AddGearItemView.swift in Sources */ = {isa = PBXBuildFile; fileRef = 4D56F24266F0F5A6FE7D238D /* AddGearItemView.swift */; };
		ACA71AB2A0F102F01D19DA8F /* WeightDashboardView.swift in Sources */ = {isa = PBXBuildFile; fileRef = B8B99CC96ADEA84B7D041AA4 /* WeightDashboardView.swift */; };
		BC4BC98154D155D2C2DB6C85 /* WeightParserTests.swift in Sources */ = {isa = PBXBuildFile; fileRef = BE8459590059934328DD43C1 /* WeightParserTests.swift */; };
		C3BA6D4E1E5899663C0F4D5C /* PackLightApp.swift in Sources */ = {isa = PBXBuildFile; fileRef = A8990679A0ACB2AA86910BBA /* PackLightApp.swift */; };
		C47D2323C962DD12F4C2D42D /* GearListView.swift in Sources */ = {isa = PBXBuildFile; fileRef = F22F56B4126E6C3EB2098E1C /* GearListView.swift */; };
		C630DC47B8EEF64FFD452268 /* GearRecommendationTests.swift in Sources */ = {isa = PBXBuildFile; fileRef = DE6FB745BE8777E5FCB36A25 /* GearRecommendationTests.swift */; };
		CEC3AECBFB31D368B8D5495A /* GearViewModel.swift in Sources */ = {isa = PBXBuildFile; fileRef = A8A2D81881FF4B80FC1FB6C3 /* GearViewModel.swift */; };
		E265BEC0971824439E8A9C8F /* PackList.swift in Sources */ = {isa = PBXBuildFile; fileRef = 5D96826556414FDD3A009826 /* PackList.swift */; };
		F74BCE5777C05D9BF37398FD /* GearRecommendationEngine.swift in Sources */ = {isa = PBXBuildFile; fileRef = 43C309B853934E95180A8C5A /* GearRecommendationEngine.swift */; };
		F799BE6F6011B8CDFCB87BC7 /* PackListItem.swift in Sources */ = {isa = PBXBuildFile; fileRef = 937DEA7098F59E1662EEC46F /* PackListItem.swift */; };
		F928EBF6F92E41531614FBDE /* WeightViewModel.swift in Sources */ = {isa = PBXBuildFile; fileRef = AC08105380713D9FAD7A0578 /* WeightViewModel.swift */; };
/* End PBXBuildFile section */

/* Begin PBXContainerItemProxy section */
		538C56B0F7A3C2F1362AC339 /* PBXContainerItemProxy */ = {
			isa = PBXContainerItemProxy;
			containerPortal = FC8BE5D24CEA183CF1EE598F /* Project object */;
			proxyType = 1;
			remoteGlobalIDString = 2F52E0C36C4D77FDA16636A7;
			remoteInfo = PackLight;
		};
/* End PBXContainerItemProxy section */

/* Begin PBXFileReference section */
		01799269E9B20A07B3389F29 /* TripViewModel.swift */ = {isa = PBXFileReference; lastKnownFileType = sourcecode.swift; path = TripViewModel.swift; sourceTree = "<group>"; };
		0AA796E1C1085C06E1C07199 /* AddTripView.swift */ = {isa = PBXFileReference; lastKnownFileType = sourcecode.swift; path = AddTripView.swift; sourceTree = "<group>"; };
		1F3AF89038C06DD5E2EACB0F /* WeightCalculatorTests.swift */ = {isa = PBXFileReference; lastKnownFileType = sourcecode.swift; path = WeightCalculatorTests.swift; sourceTree = "<group>"; };
		24319E4AE9F54635E1314A4D /* ResupplyPoint.swift */ = {isa = PBXFileReference; lastKnownFileType = sourcecode.swift; path = ResupplyPoint.swift; sourceTree = "<group>"; };
		24DB2E3E10099ED387752E70 /* GearItemDetailView.swift */ = {isa = PBXFileReference; lastKnownFileType = sourcecode.swift; path = GearItemDetailView.swift; sourceTree = "<group>"; };
		2535A0FB9DD3964445493100 /* PackLightTests.xctest */ = {isa = PBXFileReference; includeInIndex = 0; lastKnownFileType = wrapper.cfbundle; path = PackLightTests.xctest; sourceTree = BUILT_PRODUCTS_DIR; };
		31F77C1AC8AC8B6506351F68 /* RecommendationsView.swift */ = {isa = PBXFileReference; lastKnownFileType = sourcecode.swift; path = RecommendationsView.swift; sourceTree = "<group>"; };
		3E80124F744D685A3EA8501B /* WeightCalculator.swift */ = {isa = PBXFileReference; lastKnownFileType = sourcecode.swift; path = WeightCalculator.swift; sourceTree = "<group>"; };
		3FEBF16658806D969B6E782F /* GearCategory.swift */ = {isa = PBXFileReference; lastKnownFileType = sourcecode.swift; path = GearCategory.swift; sourceTree = "<group>"; };
		43C309B853934E95180A8C5A /* GearRecommendationEngine.swift */ = {isa = PBXFileReference; lastKnownFileType = sourcecode.swift; path = GearRecommendationEngine.swift; sourceTree = "<group>"; };
		4D56F24266F0F5A6FE7D238D /* AddGearItemView.swift */ = {isa = PBXFileReference; lastKnownFileType = sourcecode.swift; path = AddGearItemView.swift; sourceTree = "<group>"; };
		5D96826556414FDD3A009826 /* PackList.swift */ = {isa = PBXFileReference; lastKnownFileType = sourcecode.swift; path = PackList.swift; sourceTree = "<group>"; };
		6F0BDAE4933962116D37C963 /* MacContentView.swift */ = {isa = PBXFileReference; lastKnownFileType = sourcecode.swift; path = MacContentView.swift; sourceTree = "<group>"; };
		7317D8439BC47B173D309D1A /* ContentView.swift */ = {isa = PBXFileReference; lastKnownFileType = sourcecode.swift; path = ContentView.swift; sourceTree = "<group>"; };
		937DEA7098F59E1662EEC46F /* PackListItem.swift */ = {isa = PBXFileReference; lastKnownFileType = sourcecode.swift; path = PackListItem.swift; sourceTree = "<group>"; };
		A43D006C1032535640F50A57 /* Info.plist */ = {isa = PBXFileReference; lastKnownFileType = text.plist; path = Info.plist; sourceTree = "<group>"; };
		A5205F147776191943350469 /* URLMetadataFetcher.swift */ = {isa = PBXFileReference; lastKnownFileType = sourcecode.swift; path = URLMetadataFetcher.swift; sourceTree = "<group>"; };
		A6B318A10C423CAD18F76EB9 /* WeightParser.swift */ = {isa = PBXFileReference; lastKnownFileType = sourcecode.swift; path = WeightParser.swift; sourceTree = "<group>"; };
		A8990679A0ACB2AA86910BBA /* PackLightApp.swift */ = {isa = PBXFileReference; lastKnownFileType = sourcecode.swift; path = PackLightApp.swift; sourceTree = "<group>"; };
		A8A2D81881FF4B80FC1FB6C3 /* GearViewModel.swift */ = {isa = PBXFileReference; lastKnownFileType = sourcecode.swift; path = GearViewModel.swift; sourceTree = "<group>"; };
		AC08105380713D9FAD7A0578 /* WeightViewModel.swift */ = {isa = PBXFileReference; lastKnownFileType = sourcecode.swift; path = WeightViewModel.swift; sourceTree = "<group>"; };
		B7205B0664D8AC5F784543FC /* TripDetailView.swift */ = {isa = PBXFileReference; lastKnownFileType = sourcecode.swift; path = TripDetailView.swift; sourceTree = "<group>"; };
		B7A900FE738EE28D3715A326 /* Trip.swift */ = {isa = PBXFileReference; lastKnownFileType = sourcecode.swift; path = Trip.swift; sourceTree = "<group>"; };
		B833F6E879AA559001921EAD /* PackListView.swift */ = {isa = PBXFileReference; lastKnownFileType = sourcecode.swift; path = PackListView.swift; sourceTree = "<group>"; };
		B8B99CC96ADEA84B7D041AA4 /* WeightDashboardView.swift */ = {isa = PBXFileReference; lastKnownFileType = sourcecode.swift; path = WeightDashboardView.swift; sourceTree = "<group>"; };
		BE8459590059934328DD43C1 /* WeightParserTests.swift */ = {isa = PBXFileReference; lastKnownFileType = sourcecode.swift; path = WeightParserTests.swift; sourceTree = "<group>"; };
		D1587039110795438F5D58D2 /* GearItem.swift */ = {isa = PBXFileReference; lastKnownFileType = sourcecode.swift; path = GearItem.swift; sourceTree = "<group>"; };
		D6A307EFBAFA54143A74CDE3 /* TripListView.swift */ = {isa = PBXFileReference; lastKnownFileType = sourcecode.swift; path = TripListView.swift; sourceTree = "<group>"; };
		DE6FB745BE8777E5FCB36A25 /* GearRecommendationTests.swift */ = {isa = PBXFileReference; lastKnownFileType = sourcecode.swift; path = GearRecommendationTests.swift; sourceTree = "<group>"; };
		F22F56B4126E6C3EB2098E1C /* GearListView.swift */ = {isa = PBXFileReference; lastKnownFileType = sourcecode.swift; path = GearListView.swift; sourceTree = "<group>"; };
		F7087B08F28C1C1C6CEB9E6E /* ResupplyPointDetailView.swift */ = {isa = PBXFileReference; lastKnownFileType = sourcecode.swift; path = ResupplyPointDetailView.swift; sourceTree = "<group>"; };
		FCE3B21443BF8AF60B4BD82C /* PackLight.app */ = {isa = PBXFileReference; includeInIndex = 0; lastKnownFileType = wrapper.application; path = PackLight.app; sourceTree = BUILT_PRODUCTS_DIR; };
/* End PBXFileReference section */

/* Begin PBXFrameworksBuildPhase section */
		12D46774EEF59A041A188E53 /* Frameworks */ = {
			isa = PBXFrameworksBuildPhase;
			buildActionMask = 2147483647;
			files = (
				0F5A28C3495A93268AD4C5ED /* SwiftSoup in Frameworks */,
			);
			runOnlyForDeploymentPostprocessing = 0;
		};
/* End PBXFrameworksBuildPhase section */

/* Begin PBXGroup section */
		0A800747954690D98F8C41E9 /* Models */ = {
			isa = PBXGroup;
			children = (
				3FEBF16658806D969B6E782F /* GearCategory.swift */,
				D1587039110795438F5D58D2 /* GearItem.swift */,
				5D96826556414FDD3A009826 /* PackList.swift */,
				937DEA7098F59E1662EEC46F /* PackListItem.swift */,
				24319E4AE9F54635E1314A4D /* ResupplyPoint.swift */,
				B7A900FE738EE28D3715A326 /* Trip.swift */,
			);
			path = Models;
			sourceTree = "<group>";
		};
		375685AEFD7552FB50E4C854 /* Views */ = {
			isa = PBXGroup;
			children = (
				7317D8439BC47B173D309D1A /* ContentView.swift */,
				67E71D66DD9F3929C5B1C462 /* Gear */,
				B7C76F78D5536D2D9474FE48 /* Mac */,
				886CB0C6B9F35DF1B8307CE0 /* Trips */,
				FE5477E792CF653613A37932 /* Weight */,
			);
			path = Views;
			sourceTree = "<group>";
		};
		51D034603F5BE5AA1FE6F86A /* Services */ = {
			isa = PBXGroup;
			children = (
				43C309B853934E95180A8C5A /* GearRecommendationEngine.swift */,
				A5205F147776191943350469 /* URLMetadataFetcher.swift */,
				3E80124F744D685A3EA8501B /* WeightCalculator.swift */,
				A6B318A10C423CAD18F76EB9 /* WeightParser.swift */,
			);
			path = Services;
			sourceTree = "<group>";
		};
		67E71D66DD9F3929C5B1C462 /* Gear */ = {
			isa = PBXGroup;
			children = (
				4D56F24266F0F5A6FE7D238D /* AddGearItemView.swift */,
				24DB2E3E10099ED387752E70 /* GearItemDetailView.swift */,
				F22F56B4126E6C3EB2098E1C /* GearListView.swift */,
			);
			path = Gear;
			sourceTree = "<group>";
		};
		862A85622F86CE994998E06F /* PackLight */ = {
			isa = PBXGroup;
			children = (
				A43D006C1032535640F50A57 /* Info.plist */,
				A8990679A0ACB2AA86910BBA /* PackLightApp.swift */,
				0A800747954690D98F8C41E9 /* Models */,
				51D034603F5BE5AA1FE6F86A /* Services */,
				E17028D6DC258A898655C8CC /* ViewModels */,
				375685AEFD7552FB50E4C854 /* Views */,
			);
			name = PackLight;
			path = Sources/PackLight;
			sourceTree = "<group>";
		};
		886CB0C6B9F35DF1B8307CE0 /* Trips */ = {
			isa = PBXGroup;
			children = (
				0AA796E1C1085C06E1C07199 /* AddTripView.swift */,
				B833F6E879AA559001921EAD /* PackListView.swift */,
				31F77C1AC8AC8B6506351F68 /* RecommendationsView.swift */,
				F7087B08F28C1C1C6CEB9E6E /* ResupplyPointDetailView.swift */,
				B7205B0664D8AC5F784543FC /* TripDetailView.swift */,
				D6A307EFBAFA54143A74CDE3 /* TripListView.swift */,
			);
			path = Trips;
			sourceTree = "<group>";
		};
		96DAA5539EB31B11C05B002B /* Products */ = {
			isa = PBXGroup;
			children = (
				FCE3B21443BF8AF60B4BD82C /* PackLight.app */,
				2535A0FB9DD3964445493100 /* PackLightTests.xctest */,
			);
			name = Products;
			sourceTree = "<group>";
		};
		A8B5275D94DAFE8019943F0B /* PackLightTests */ = {
			isa = PBXGroup;
			children = (
				DE6FB745BE8777E5FCB36A25 /* GearRecommendationTests.swift */,
				1F3AF89038C06DD5E2EACB0F /* WeightCalculatorTests.swift */,
				BE8459590059934328DD43C1 /* WeightParserTests.swift */,
			);
			name = PackLightTests;
			path = Tests/PackLightTests;
			sourceTree = "<group>";
		};
		B7C76F78D5536D2D9474FE48 /* Mac */ = {
			isa = PBXGroup;
			children = (
				6F0BDAE4933962116D37C963 /* MacContentView.swift */,
			);
			path = Mac;
			sourceTree = "<group>";
		};
		E17028D6DC258A898655C8CC /* ViewModels */ = {
			isa = PBXGroup;
			children = (
				A8A2D81881FF4B80FC1FB6C3 /* GearViewModel.swift */,
				01799269E9B20A07B3389F29 /* TripViewModel.swift */,
				AC08105380713D9FAD7A0578 /* WeightViewModel.swift */,
			);
			path = ViewModels;
			sourceTree = "<group>";
		};
		E6E86F7BCB892459F64232A9 = {
			isa = PBXGroup;
			children = (
				862A85622F86CE994998E06F /* PackLight */,
				A8B5275D94DAFE8019943F0B /* PackLightTests */,
				96DAA5539EB31B11C05B002B /* Products */,
			);
			sourceTree = "<group>";
		};
		FE5477E792CF653613A37932 /* Weight */ = {
			isa = PBXGroup;
			children = (
				B8B99CC96ADEA84B7D041AA4 /* WeightDashboardView.swift */,
			);
			path = Weight;
			sourceTree = "<group>";
		};
/* End PBXGroup section */

/* Begin PBXNativeTarget section */
		0E4F7BA6EA3050A2E79CD21E /* PackLightTests */ = {
			isa = PBXNativeTarget;
			buildConfigurationList = 856EB35CE212C9BCB7AB7AF5 /* Build configuration list for PBXNativeTarget "PackLightTests" */;
			buildPhases = (
				154818D9E63D4C54895301A4 /* Sources */,
			);
			buildRules = (
			);
			dependencies = (
				1FD3E3355353689CF8DB6188 /* PBXTargetDependency */,
			);
			name = PackLightTests;
			packageProductDependencies = (
			);
			productName = PackLightTests;
			productReference = 2535A0FB9DD3964445493100 /* PackLightTests.xctest */;
			productType = "com.apple.product-type.bundle.unit-test";
		};
		2F52E0C36C4D77FDA16636A7 /* PackLight */ = {
			isa = PBXNativeTarget;
			buildConfigurationList = 1FEA71A67F0B5D4700570E29 /* Build configuration list for PBXNativeTarget "PackLight" */;
			buildPhases = (
				972247EDA04E1E6EB18BCB2A /* Sources */,
				12D46774EEF59A041A188E53 /* Frameworks */,
			);
			buildRules = (
			);
			dependencies = (
			);
			name = PackLight;
			packageProductDependencies = (
				54AB83D8EB1BE39459A6DFD7 /* SwiftSoup */,
			);
			productName = PackLight;
			productReference = FCE3B21443BF8AF60B4BD82C /* PackLight.app */;
			productType = "com.apple.product-type.application";
		};
/* End PBXNativeTarget section */

/* Begin PBXProject section */
		FC8BE5D24CEA183CF1EE598F /* Project object */ = {
			isa = PBXProject;
			attributes = {
				BuildIndependentTargetsInParallel = YES;
				LastUpgradeCheck = 1500;
				TargetAttributes = {
					0E4F7BA6EA3050A2E79CD21E = {
						DevelopmentTeam = "";
						ProvisioningStyle = Automatic;
					};
					2F52E0C36C4D77FDA16636A7 = {
						DevelopmentTeam = "";
						ProvisioningStyle = Automatic;
					};
				};
			};
			buildConfigurationList = A5E24A993C5FBBACD46CDE5B /* Build configuration list for PBXProject "PackLight" */;
			developmentRegion = en;
			hasScannedForEncodings = 0;
			knownRegions = (
				Base,
				en,
			);
			mainGroup = E6E86F7BCB892459F64232A9;
			minimizedProjectReferenceProxies = 1;
			packageReferences = (
				A51BF7FAE82EFFA6A8C2D195 /* XCRemoteSwiftPackageReference "SwiftSoup" */,
			);
			preferredProjectObjectVersion = 77;
			productRefGroup = 96DAA5539EB31B11C05B002B /* Products */;
			projectDirPath = "";
			projectRoot = "";
			targets = (
				2F52E0C36C4D77FDA16636A7 /* PackLight */,
				0E4F7BA6EA3050A2E79CD21E /* PackLightTests */,
			);
		};
/* End PBXProject section */

/* Begin PBXSourcesBuildPhase section */
		154818D9E63D4C54895301A4 /* Sources */ = {
			isa = PBXSourcesBuildPhase;
			buildActionMask = 2147483647;
			files = (
				C630DC47B8EEF64FFD452268 /* GearRecommendationTests.swift in Sources */,
				3070C5919523276B00AB2EA0 /* WeightCalculatorTests.swift in Sources */,
				BC4BC98154D155D2C2DB6C85 /* WeightParserTests.swift in Sources */,
			);
			runOnlyForDeploymentPostprocessing = 0;
		};
		972247EDA04E1E6EB18BCB2A /* Sources */ = {
			isa = PBXSourcesBuildPhase;
			buildActionMask = 2147483647;
			files = (
				A92E414B0EB1C999D0ED9D2D /* AddGearItemView.swift in Sources */,
				2EC0BA4B16C8382FB2E3B12A /* AddTripView.swift in Sources */,
				791F8AC6D065347C26B7ACCA /* ContentView.swift in Sources */,
				8F97F806C2A9E5D73CC3DADC /* GearCategory.swift in Sources */,
				278131BB04CB164188503CB9 /* GearItem.swift in Sources */,
				36090DE8D634E622A119F633 /* GearItemDetailView.swift in Sources */,
				C47D2323C962DD12F4C2D42D /* GearListView.swift in Sources */,
				F74BCE5777C05D9BF37398FD /* GearRecommendationEngine.swift in Sources */,
				CEC3AECBFB31D368B8D5495A /* GearViewModel.swift in Sources */,
				40C22451D00564EEE82E8D0C /* MacContentView.swift in Sources */,
				C3BA6D4E1E5899663C0F4D5C /* PackLightApp.swift in Sources */,
				E265BEC0971824439E8A9C8F /* PackList.swift in Sources */,
				F799BE6F6011B8CDFCB87BC7 /* PackListItem.swift in Sources */,
				0517B151B9808BD4FA136AF6 /* PackListView.swift in Sources */,
				650113CEC3AFC52AF5BCCE36 /* RecommendationsView.swift in Sources */,
				8F46624664195943E193E056 /* ResupplyPoint.swift in Sources */,
				138F0F52C66475A42F447BF5 /* ResupplyPointDetailView.swift in Sources */,
				7E8FE854F35CF0233C89EC02 /* Trip.swift in Sources */,
				78AA6B94AA2146029CE8D612 /* TripDetailView.swift in Sources */,
				2D4E7BD9B66E8AB42EBB3F56 /* TripListView.swift in Sources */,
				9C7B582F207627E44062C746 /* TripViewModel.swift in Sources */,
				9CFB254E6DCC2BB083C27F28 /* URLMetadataFetcher.swift in Sources */,
				8040608940C0561C387CE24D /* WeightCalculator.swift in Sources */,
				ACA71AB2A0F102F01D19DA8F /* WeightDashboardView.swift in Sources */,
				95E58C97F8A1AF11DFB96ABB /* WeightParser.swift in Sources */,
				F928EBF6F92E41531614FBDE /* WeightViewModel.swift in Sources */,
			);
			runOnlyForDeploymentPostprocessing = 0;
		};
/* End PBXSourcesBuildPhase section */

/* Begin PBXTargetDependency section */
		1FD3E3355353689CF8DB6188 /* PBXTargetDependency */ = {
			isa = PBXTargetDependency;
			target = 2F52E0C36C4D77FDA16636A7 /* PackLight */;
			targetProxy = 538C56B0F7A3C2F1362AC339 /* PBXContainerItemProxy */;
		};
/* End PBXTargetDependency section */

/* Begin XCBuildConfiguration section */
		00B6A256EF4F998A9D94765B /* Release */ = {
			isa = XCBuildConfiguration;
			buildSettings = {
				BUNDLE_LOADER = "$(TEST_HOST)";
				LD_RUNPATH_SEARCH_PATHS = (
					"$(inherited)",
					"@executable_path/Frameworks",
					"@loader_path/Frameworks",
				);
				PRODUCT_BUNDLE_IDENTIFIER = com.stephenbrines.packlighttests;
				SDKROOT = iphoneos;
				TARGETED_DEVICE_FAMILY = "1,2";
				TEST_HOST = "$(BUILT_PRODUCTS_DIR)/PackLight.app/PackLight";
			};
			name = Release;
		};
		0A29531AAA67D70AFB65338A /* Debug */ = {
			isa = XCBuildConfiguration;
			buildSettings = {
				ALWAYS_SEARCH_USER_PATHS = NO;
				CLANG_ANALYZER_NONNULL = YES;
				CLANG_ANALYZER_NUMBER_OBJECT_CONVERSION = YES_AGGRESSIVE;
				CLANG_CXX_LANGUAGE_STANDARD = "gnu++14";
				CLANG_CXX_LIBRARY = "libc++";
				CLANG_ENABLE_MODULES = YES;
				CLANG_ENABLE_OBJC_ARC = YES;
				CLANG_ENABLE_OBJC_WEAK = YES;
				CLANG_WARN_BLOCK_CAPTURE_AUTORELEASING = YES;
				CLANG_WARN_BOOL_CONVERSION = YES;
				CLANG_WARN_COMMA = YES;
				CLANG_WARN_CONSTANT_CONVERSION = YES;
				CLANG_WARN_DEPRECATED_OBJC_IMPLEMENTATIONS = YES;
				CLANG_WARN_DIRECT_OBJC_ISA_USAGE = YES_ERROR;
				CLANG_WARN_DOCUMENTATION_COMMENTS = YES;
				CLANG_WARN_EMPTY_BODY = YES;
				CLANG_WARN_ENUM_CONVERSION = YES;
				CLANG_WARN_INFINITE_RECURSION = YES;
				CLANG_WARN_INT_CONVERSION = YES;
				CLANG_WARN_NON_LITERAL_NULL_CONVERSION = YES;
				CLANG_WARN_OBJC_IMPLICIT_RETAIN_SELF = YES;
				CLANG_WARN_OBJC_LITERAL_CONVERSION = YES;
				CLANG_WARN_OBJC_ROOT_CLASS = YES_ERROR;
				CLANG_WARN_QUOTED_INCLUDE_IN_FRAMEWORK_HEADER = YES;
				CLANG_WARN_RANGE_LOOP_ANALYSIS = YES;
				CLANG_WARN_STRICT_PROTOTYPES = YES;
				CLANG_WARN_SUSPICIOUS_MOVE = YES;
				CLANG_WARN_UNGUARDED_AVAILABILITY = YES_AGGRESSIVE;
				CLANG_WARN_UNREACHABLE_CODE = YES;
				CLANG_WARN__DUPLICATE_METHOD_MATCH = YES;
				CODE_SIGN_STYLE = Automatic;
				COPY_PHASE_STRIP = NO;
				DEBUG_INFORMATION_FORMAT = dwarf;
				DEVELOPMENT_TEAM = "";
				ENABLE_STRICT_OBJC_MSGSEND = YES;
				ENABLE_TESTABILITY = YES;
				GCC_C_LANGUAGE_STANDARD = gnu11;
				GCC_DYNAMIC_NO_PIC = NO;
				GCC_NO_COMMON_BLOCKS = YES;
				GCC_OPTIMIZATION_LEVEL = 0;
				GCC_PREPROCESSOR_DEFINITIONS = (
					"$(inherited)",
					"DEBUG=1",
				);
				GCC_WARN_64_TO_32_BIT_CONVERSION = YES;
				GCC_WARN_ABOUT_RETURN_TYPE = YES_ERROR;
				GCC_WARN_UNDECLARED_SELECTOR = YES;
				GCC_WARN_UNINITIALIZED_AUTOS = YES_AGGRESSIVE;
				GCC_WARN_UNUSED_FUNCTION = YES;
				GCC_WARN_UNUSED_VARIABLE = YES;
				IPHONEOS_DEPLOYMENT_TARGET = 17.0;
				MACOSX_DEPLOYMENT_TARGET = 14.0;
				MTL_ENABLE_DEBUG_INFO = INCLUDE_SOURCE;
				MTL_FAST_MATH = YES;
				ONLY_ACTIVE_ARCH = YES;
				PRODUCT_NAME = "$(TARGET_NAME)";
				SDKROOT = iphoneos;
				SWIFT_ACTIVE_COMPILATION_CONDITIONS = DEBUG;
				SWIFT_OPTIMIZATION_LEVEL = "-Onone";
				SWIFT_VERSION = 5.9;
			};
			name = Debug;
		};
		9D85F570C2366BB41924BF4F /* Release */ = {
			isa = XCBuildConfiguration;
			buildSettings = {
				ASSETCATALOG_COMPILER_APPICON_NAME = AppIcon;
				CODE_SIGN_IDENTITY = "iPhone Developer";
				CURRENT_PROJECT_VERSION = 1;
				DERIVE_MACCATALYST_PRODUCT_BUNDLE_IDENTIFIER = YES;
				INFOPLIST_FILE = Sources/PackLight/Info.plist;
				LD_RUNPATH_SEARCH_PATHS = (
					"$(inherited)",
					"@executable_path/Frameworks",
				);
				MARKETING_VERSION = 1.0;
				PRODUCT_BUNDLE_IDENTIFIER = com.stephenbrines.packlight;
				SDKROOT = iphoneos;
				SUPPORTS_MAC_DESIGNED_FOR_IPHONE_IPAD = YES;
				TARGETED_DEVICE_FAMILY = "1,2";
			};
			name = Release;
		};
		AB96601DB7C47B8B46F7CE61 /* Debug */ = {
			isa = XCBuildConfiguration;
			buildSettings = {
				BUNDLE_LOADER = "$(TEST_HOST)";
				LD_RUNPATH_SEARCH_PATHS = (
					"$(inherited)",
					"@executable_path/Frameworks",
					"@loader_path/Frameworks",
				);
				PRODUCT_BUNDLE_IDENTIFIER = com.stephenbrines.packlighttests;
				SDKROOT = iphoneos;
				TARGETED_DEVICE_FAMILY = "1,2";
				TEST_HOST = "$(BUILT_PRODUCTS_DIR)/PackLight.app/PackLight";
			};
			name = Debug;
		};
		AF749D5754389C023AE3F843 /* Debug */ = {
			isa = XCBuildConfiguration;
			buildSettings = {
				ASSETCATALOG_COMPILER_APPICON_NAME = AppIcon;
				CODE_SIGN_IDENTITY = "iPhone Developer";
				CURRENT_PROJECT_VERSION = 1;
				DERIVE_MACCATALYST_PRODUCT_BUNDLE_IDENTIFIER = YES;
				INFOPLIST_FILE = Sources/PackLight/Info.plist;
				LD_RUNPATH_SEARCH_PATHS = (
					"$(inherited)",
					"@executable_path/Frameworks",
				);
				MARKETING_VERSION = 1.0;
				PRODUCT_BUNDLE_IDENTIFIER = com.stephenbrines.packlight;
				SDKROOT = iphoneos;
				SUPPORTS_MAC_DESIGNED_FOR_IPHONE_IPAD = YES;
				TARGETED_DEVICE_FAMILY = "1,2";
			};
			name = Debug;
		};
		EF5629145B1CBC3A9D80D5E7 /* Release */ = {
			isa = XCBuildConfiguration;
			buildSettings = {
				ALWAYS_SEARCH_USER_PATHS = NO;
				CLANG_ANALYZER_NONNULL = YES;
				CLANG_ANALYZER_NUMBER_OBJECT_CONVERSION = YES_AGGRESSIVE;
				CLANG_CXX_LANGUAGE_STANDARD = "gnu++14";
				CLANG_CXX_LIBRARY = "libc++";
				CLANG_ENABLE_MODULES = YES;
				CLANG_ENABLE_OBJC_ARC = YES;
				CLANG_ENABLE_OBJC_WEAK = YES;
				CLANG_WARN_BLOCK_CAPTURE_AUTORELEASING = YES;
				CLANG_WARN_BOOL_CONVERSION = YES;
				CLANG_WARN_COMMA = YES;
				CLANG_WARN_CONSTANT_CONVERSION = YES;
				CLANG_WARN_DEPRECATED_OBJC_IMPLEMENTATIONS = YES;
				CLANG_WARN_DIRECT_OBJC_ISA_USAGE = YES_ERROR;
				CLANG_WARN_DOCUMENTATION_COMMENTS = YES;
				CLANG_WARN_EMPTY_BODY = YES;
				CLANG_WARN_ENUM_CONVERSION = YES;
				CLANG_WARN_INFINITE_RECURSION = YES;
				CLANG_WARN_INT_CONVERSION = YES;
				CLANG_WARN_NON_LITERAL_NULL_CONVERSION = YES;
				CLANG_WARN_OBJC_IMPLICIT_RETAIN_SELF = YES;
				CLANG_WARN_OBJC_LITERAL_CONVERSION = YES;
				CLANG_WARN_OBJC_ROOT_CLASS = YES_ERROR;
				CLANG_WARN_QUOTED_INCLUDE_IN_FRAMEWORK_HEADER = YES;
				CLANG_WARN_RANGE_LOOP_ANALYSIS = YES;
				CLANG_WARN_STRICT_PROTOTYPES = YES;
				CLANG_WARN_SUSPICIOUS_MOVE = YES;
				CLANG_WARN_UNGUARDED_AVAILABILITY = YES_AGGRESSIVE;
				CLANG_WARN_UNREACHABLE_CODE = YES;
				CLANG_WARN__DUPLICATE_METHOD_MATCH = YES;
				CODE_SIGN_STYLE = Automatic;
				COPY_PHASE_STRIP = NO;
				DEBUG_INFORMATION_FORMAT = "dwarf-with-dsym";
				DEVELOPMENT_TEAM = "";
				ENABLE_NS_ASSERTIONS = NO;
				ENABLE_STRICT_OBJC_MSGSEND = YES;
				ENABLE_TESTABILITY = YES;
				GCC_C_LANGUAGE_STANDARD = gnu11;
				GCC_NO_COMMON_BLOCKS = YES;
				GCC_WARN_64_TO_32_BIT_CONVERSION = YES;
				GCC_WARN_ABOUT_RETURN_TYPE = YES_ERROR;
				GCC_WARN_UNDECLARED_SELECTOR = YES;
				GCC_WARN_UNINITIALIZED_AUTOS = YES_AGGRESSIVE;
				GCC_WARN_UNUSED_FUNCTION = YES;
				GCC_WARN_UNUSED_VARIABLE = YES;
				IPHONEOS_DEPLOYMENT_TARGET = 17.0;
				MACOSX_DEPLOYMENT_TARGET = 14.0;
				MTL_ENABLE_DEBUG_INFO = NO;
				MTL_FAST_MATH = YES;
				PRODUCT_NAME = "$(TARGET_NAME)";
				SDKROOT = iphoneos;
				SWIFT_COMPILATION_MODE = wholemodule;
				SWIFT_OPTIMIZATION_LEVEL = "-O";
				SWIFT_VERSION = 5.9;
			};
			name = Release;
		};
/* End XCBuildConfiguration section */

/* Begin XCConfigurationList section */
		1FEA71A67F0B5D4700570E29 /* Build configuration list for PBXNativeTarget "PackLight" */ = {
			isa = XCConfigurationList;
			buildConfigurations = (
				AF749D5754389C023AE3F843 /* Debug */,
				9D85F570C2366BB41924BF4F /* Release */,
			);
			defaultConfigurationIsVisible = 0;
			defaultConfigurationName = Debug;
		};
		856EB35CE212C9BCB7AB7AF5 /* Build configuration list for PBXNativeTarget "PackLightTests" */ = {
			isa = XCConfigurationList;
			buildConfigurations = (
				AB96601DB7C47B8B46F7CE61 /* Debug */,
				00B6A256EF4F998A9D94765B /* Release */,
			);
			defaultConfigurationIsVisible = 0;
			defaultConfigurationName = Debug;
		};
		A5E24A993C5FBBACD46CDE5B /* Build configuration list for PBXProject "PackLight" */ = {
			isa = XCConfigurationList;
			buildConfigurations = (
				0A29531AAA67D70AFB65338A /* Debug */,
				EF5629145B1CBC3A9D80D5E7 /* Release */,
			);
			defaultConfigurationIsVisible = 0;
			defaultConfigurationName = Debug;
		};
/* End XCConfigurationList section */

/* Begin XCRemoteSwiftPackageReference section */
		A51BF7FAE82EFFA6A8C2D195 /* XCRemoteSwiftPackageReference "SwiftSoup" */ = {
			isa = XCRemoteSwiftPackageReference;
			repositoryURL = "https://github.com/scinfu/SwiftSoup.git";
			requirement = {
				kind = upToNextMajorVersion;
				minimumVersion = 2.7.0;
			};
		};
/* End XCRemoteSwiftPackageReference section */

/* Begin XCSwiftPackageProductDependency section */
		54AB83D8EB1BE39459A6DFD7 /* SwiftSoup */ = {
			isa = XCSwiftPackageProductDependency;
			package = A51BF7FAE82EFFA6A8C2D195 /* XCRemoteSwiftPackageReference "SwiftSoup" */;
			productName = SwiftSoup;
		};
/* End XCSwiftPackageProductDependency section */
	};
	rootObject = FC8BE5D24CEA183CF1EE598F /* Project object */;
}
